
Microsoft Visual Studio Solution File, Format Version 12.00
# Visual Studio Version 16
VisualStudioVersion = 16.0.29905.134
MinimumVisualStudioVersion = 10.0.40219.1
Project("{FAE04EC0-301F-11D3-BF4B-00C04F79EFBC}") = "Labb Webshop", "Labb Webshop\Labb Webshop.csproj", "{5CBFA89B-DC32-409B-8849-5FF92A4B60D5}"
EndProject
Global
	GlobalSection(SolutionConfigurationPlatforms) = preSolution
		Debug|Any CPU = Debug|Any CPU
		Release|Any CPU = Release|Any CPU
	EndGlobalSection
	GlobalSection(ProjectConfigurationPlatforms) = postSolution
		{5CBFA89B-DC32-409B-8849-5FF92A4B60D5}.Debug|Any CPU.ActiveCfg = Debug|Any CPU
		{5CBFA89B-DC32-409B-8849-5FF92A4B60D5}.Debug|Any CPU.Build.0 = Debug|Any CPU
		{5CBFA89B-DC32-409B-8849-5FF92A4B60D5}.Release|Any CPU.ActiveCfg = Release|Any CPU
		{5CBFA89B-DC32-409B-8849-5FF92A4B60D5}.Release|Any CPU.Build.0 = Release|Any CPU
	EndGlobalSection
	GlobalSection(SolutionProperties) = preSolution
		HideSolutionNode = FALSE
	EndGlobalSection
	GlobalSection(ExtensibilityGlobals) = postSolution
		SolutionGuid = {9F1E544C-13C7-46AB-B47C-C8DEF39FFE1F}
	EndGlobalSection
EndGlobal
